{
  "name": "hackathon",
  "version": "1.0.0",
  "lockfileVersion": 1,
  "requires": true,
  "dependencies": {
    "axios": {
      "version": "0.18.0",
      "resolved": "http://registry.npmjs.org/axios/-/axios-0.18.0.tgz",
      "integrity": "sha1-MtU+SFHv3AoRmTts0AB4nXDAUQI=",
      "requires": {
        "follow-redirects": "^1.3.0",
        "is-buffer": "^1.1.5"
      }
    },
    "bindings": {
      "version": "1.3.1",
      "resolved": "https://registry.npmjs.org/bindings/-/bindings-1.3.1.tgz",
      "integrity": "sha512-i47mqjF9UbjxJhxGf+pZ6kSxrnI3wBLlnGI2ArWJ4r0VrvDS7ZYXkprq/pLaBWYq4GM0r4zdHY+NNRqEMU7uew=="
    },
    "debug": {
      "version": "3.1.0",
      "resolved": "https://registry.npmjs.org/debug/-/debug-3.1.0.tgz",
      "integrity": "sha512-OX8XqP7/1a9cqkxYw2yXss15f26NKWBpDXQd0/uK/KPqdQhxbPa994hnzjcE2VqQpDslf55723cKPUOGSmMY3g==",
      "requires": {
        "ms": "2.0.0"
      }
    },
    "epoll": {
      "version": "2.0.6",
      "resolved": "https://registry.npmjs.org/epoll/-/epoll-2.0.6.tgz",
      "integrity": "sha512-CtTAsX+Q+mpz6VHVtOSzbempais+FoDyrM6vBtvp+322YB93os/ZucdV8LTP4J1jZxaO1TPMSxWGKglc2P4PHA==",
      "requires": {
        "bindings": "^1.3.0",
        "nan": "^2.11.1"
      }
    },
    "follow-redirects": {
      "version": "1.5.10",
      "resolved": "https://registry.npmjs.org/follow-redirects/-/follow-redirects-1.5.10.tgz",
      "integrity": "sha512-0V5l4Cizzvqt5D44aTXbFZz+FtyXV1vrDN6qrelxtfYQKW0KO0W2T/hkE8xvGa/540LkZlkaUjO4ailYTFtHVQ==",
      "requires": {
        "debug": "=3.1.0"
      }
    },
    "is-buffer": {
      "version": "1.1.6",
      "resolved": "https://registry.npmjs.org/is-buffer/-/is-buffer-1.1.6.tgz",
      "integrity": "sha512-NcdALwpXkTm5Zvvbk7owOUSvVvBKDgKP5/ewfXEznmQFfs4ZRmanOeKBTjRVjka3QFoN6XJ+9F3USqfHqTaU5w=="
    },
    "lodash.debounce": {
      "version": "4.0.8",
      "resolved": "https://registry.npmjs.org/lodash.debounce/-/lodash.debounce-4.0.8.tgz",
      "integrity": "sha1-gteb/zCmfEAF/9XiUVMArZyk168="
    },
    "ms": {
      "version": "2.0.0",
      "resolved": "https://registry.npmjs.org/ms/-/ms-2.0.0.tgz",
      "integrity": "sha1-VgiurfwAvmwpAd9fmGF4jeDVl8g="
    },
    "nan": {
      "version": "2.11.1",
      "resolved": "https://registry.npmjs.org/nan/-/nan-2.11.1.tgz",
      "integrity": "sha512-iji6k87OSXa0CcrLl9z+ZiYSuR2o+c0bGuNmXdrhTQTakxytAFsC56SArGYoiHlJlFoHSnvmhpceZJaXkVuOtA=="
    },
    "onoff": {
      "version": "3.2.2",
      "resolved": "https://registry.npmjs.org/onoff/-/onoff-3.2.2.tgz",
      "integrity": "sha512-wLxeB03QLSsbIhIqR24Ia137uyCKNR7O8SEnUhN4kmsrDrhZNVpSWfOC7Tp1bvz7qKLwfYICGYbPMjzun4opLg==",
      "requires": {
        "epoll": "^2.0.4",
        "lodash.debounce": "^4.0.8"
      }
    },
    "rc522": {
      "version": "0.2.0",
      "resolved": "https://registry.npmjs.org/rc522/-/rc522-0.2.0.tgz",
      "integrity": "sha1-T02jx5GHFe6DVN9zjish17fJ1r4="
    },
    "rc522-rfid": {
      "version": "14.1.10",
      "resolved": "https://registry.npmjs.org/rc522-rfid/-/rc522-rfid-14.1.10.tgz",
      "integrity": "sha1-WDW7LkesNmIEOgmaWYBCaVpKCBs="
    }
  }
}
